{
  "name": "githibaction",
  "version": "1.0.0",
  "lockfileVersion": 3,
  "requires": true,
  "packages": {
    "": {
      "name": "githibaction",
      "version": "1.0.0",
      "license": "ISC",
      "dependencies": {
        "chrome-extension-fetch": "^1.0.0"
      }
    },
    "node_modules/chrome-extension-fetch": {
      "version": "1.0.0",
      "resolved": "https://registry.npmjs.org/chrome-extension-fetch/-/chrome-extension-fetch-1.0.0.tgz",
      "integrity": "sha512-E3+ebnqJxVxHAgrDGANcFdExHE2Pe/NupOVgPuOY6LIZA1gDwYd7FtFt7NOeMSzBD2E4KxcBQrjb/n1/AC0Suw==",
      "bin": {
        "chrome-extension-fetch": "index.js"
      }
    }
  }
}
